// !$*UTF8*$!
{
	archiveVersion = 1;
	classes = {
	};
	objectVersion = 77;
	objects = {

/* Begin PBXBuildFile section */
		B30518582D1CE9470009362D /* WebKit.framework in Frameworks */ = {isa = PBXBuildFile; fileRef = B30518572D1CE9470009362D /* WebKit.framework */; };
		B33E9D022D4B21FA005FEE9B /* PrivacyInfo.xcprivacy in Resources */ = {isa = PBXBuildFile; fileRef = B33E9D012D4B21FA005FEE9B /* PrivacyInfo.xcprivacy */; };
		B3511D722D544A5600667676 /* app.cpp in Sources */ = {isa = PBXBuildFile; fileRef = B3511D712D544A5600667676 /* app.cpp */; };
		B36672192D71670700E8C643 /* ui.js in Resources */ = {isa = PBXBuildFile; fileRef = B36672182D71670700E8C643 /* ui.js */; };
		B36EBB452D275258005972FF /* Network.framework in Frameworks */ = {isa = PBXBuildFile; fileRef = B36EBB442D275258005972FF /* Network.framework */; };
		B3756DE92D41D43100BCF111 /* Assets.xcassets in Resources */ = {isa = PBXBuildFile; fileRef = B3756DE82D41D43100BCF111 /* Assets.xcassets */; };
		B38B56022D74DE87005AFEAF /* observable.js in Resources */ = {isa = PBXBuildFile; fileRef = B38B56012D74DE87005AFEAF /* observable.js */; };
		B394B4022D75052C006224B6 /* app.html in Resources */ = {isa = PBXBuildFile; fileRef = B394B4012D75052C006224B6 /* app.html */; };
		B3A482932D5035DC00FCE4A5 /* SingleWindow.swift in Sources */ = {isa = PBXBuildFile; fileRef = B3A482912D5035DC00FCE4A5 /* SingleWindow.swift */; };
		B3A482952D5035DC00FCE4A5 /* ContentView.swift in Sources */ = {isa = PBXBuildFile; fileRef = B3A4828D2D5035DC00FCE4A5 /* ContentView.swift */; };
		B3A482962D5035DC00FCE4A5 /* FileSchemeHandler.swift in Sources */ = {isa = PBXBuildFile; fileRef = B3A4828E2D5035DC00FCE4A5 /* FileSchemeHandler.swift */; };
		B3A482972D5035DC00FCE4A5 /* app.swift in Sources */ = {isa = PBXBuildFile; fileRef = B3A4828F2D5035DC00FCE4A5 /* app.swift */; };
		B3A482982D5035DC00FCE4A5 /* WebView.swift in Sources */ = {isa = PBXBuildFile; fileRef = B3A482922D5035DC00FCE4A5 /* WebView.swift */; };
		B3A4829A2D50384100FCE4A5 /* WindowDelegate.swift in Sources */ = {isa = PBXBuildFile; fileRef = B3A482992D50384100FCE4A5 /* WindowDelegate.swift */; };
		B3B3F40A2D4AB3C300A2D406 /* app.js in Resources */ = {isa = PBXBuildFile; fileRef = B3B3F3F82D4AB3C300A2D406 /* app.js */; };
		B3B3F40C2D4AB3C300A2D406 /* app.css in Resources */ = {isa = PBXBuildFile; fileRef = B3B3F3F72D4AB3C300A2D406 /* app.css */; };
		B3B3F40D2D4AB3C300A2D406 /* svgs.css in Resources */ = {isa = PBXBuildFile; fileRef = B3B3F3FD2D4AB3C300A2D406 /* svgs.css */; };
		B3F440172D750D350040F0E5 /* AppRating.swift in Sources */ = {isa = PBXBuildFile; fileRef = B3F440162D750D350040F0E5 /* AppRating.swift */; };
		B3F440192D7519F10040F0E5 /* detect.js in Resources */ = {isa = PBXBuildFile; fileRef = B3F440182D7519F10040F0E5 /* detect.js */; };
		B3F4401B2D751A070040F0E5 /* util.js in Resources */ = {isa = PBXBuildFile; fileRef = B3F4401A2D751A070040F0E5 /* util.js */; };
		B3FFEA532D763FA6009FEC63 /* dom.js in Resources */ = {isa = PBXBuildFile; fileRef = B3FFEA522D763FA6009FEC63 /* dom.js */; };
/* End PBXBuildFile section */

/* Begin PBXFileReference section */
		B30518572D1CE9470009362D /* WebKit.framework */ = {isa = PBXFileReference; lastKnownFileType = wrapper.framework; name = WebKit.framework; path = Platforms/iPhoneOS.platform/Developer/SDKs/iPhoneOS18.2.sdk/System/Library/Frameworks/WebKit.framework; sourceTree = DEVELOPER_DIR; };
		B323E3632D1CDAB2007BA38C /* jsUX.app */ = {isa = PBXFileReference; explicitFileType = wrapper.application; includeInIndex = 0; path = jsUX.app; sourceTree = BUILT_PRODUCTS_DIR; };
		B33E9D012D4B21FA005FEE9B /* PrivacyInfo.xcprivacy */ = {isa = PBXFileReference; lastKnownFileType = text.xml; path = PrivacyInfo.xcprivacy; sourceTree = SOURCE_ROOT; };
		B33E9D0E2D4B262E005FEE9B /* app.entitlements */ = {isa = PBXFileReference; lastKnownFileType = text.plist.entitlements; path = app.entitlements; sourceTree = "<group>"; };
		B33E9D0F2D4B262E005FEE9B /* appDebug.entitlements */ = {isa = PBXFileReference; lastKnownFileType = text.plist.entitlements; path = appDebug.entitlements; sourceTree = "<group>"; };
		B3511D702D544A4C00667676 /* app.h */ = {isa = PBXFileReference; lastKnownFileType = sourcecode.c.h; name = app.h; path = ../src/app.h; sourceTree = SOURCE_ROOT; };
		B3511D712D544A5600667676 /* app.cpp */ = {isa = PBXFileReference; lastKnownFileType = sourcecode.cpp.cpp; name = app.cpp; path = ../src/app.cpp; sourceTree = SOURCE_ROOT; };
		B3511D732D544B0700667676 /* app-Bridging-Header.h */ = {isa = PBXFileReference; lastKnownFileType = sourcecode.c.h; path = "app-Bridging-Header.h"; sourceTree = SOURCE_ROOT; };
		B36672182D71670700E8C643 /* ui.js */ = {isa = PBXFileReference; lastKnownFileType = sourcecode.javascript; path = ui.js; sourceTree = "<group>"; };
		B36EBB442D275258005972FF /* Network.framework */ = {isa = PBXFileReference; lastKnownFileType = wrapper.framework; name = Network.framework; path = Platforms/iPhoneOS.platform/Developer/SDKs/iPhoneOS18.2.sdk/System/Library/Frameworks/Network.framework; sourceTree = DEVELOPER_DIR; };
		B3756DE82D41D43100BCF111 /* Assets.xcassets */ = {isa = PBXFileReference; lastKnownFileType = folder.assetcatalog; path = Assets.xcassets; sourceTree = "<group>"; };
		B38B56012D74DE87005AFEAF /* observable.js */ = {isa = PBXFileReference; lastKnownFileType = sourcecode.javascript; path = observable.js; sourceTree = "<group>"; };
		B394B4012D75052C006224B6 /* app.html */ = {isa = PBXFileReference; lastKnownFileType = text.html; path = app.html; sourceTree = "<group>"; };
		B3A4828D2D5035DC00FCE4A5 /* ContentView.swift */ = {isa = PBXFileReference; lastKnownFileType = sourcecode.swift; name = ContentView.swift; path = ../src/swift/ContentView.swift; sourceTree = SOURCE_ROOT; };
		B3A4828E2D5035DC00FCE4A5 /* FileSchemeHandler.swift */ = {isa = PBXFileReference; lastKnownFileType = sourcecode.swift; name = FileSchemeHandler.swift; path = ../src/swift/FileSchemeHandler.swift; sourceTree = SOURCE_ROOT; };
		B3A4828F2D5035DC00FCE4A5 /* app.swift */ = {isa = PBXFileReference; lastKnownFileType = sourcecode.swift; name = app.swift; path = ../src/swift/app.swift; sourceTree = SOURCE_ROOT; };
		B3A482912D5035DC00FCE4A5 /* SingleWindow.swift */ = {isa = PBXFileReference; lastKnownFileType = sourcecode.swift; name = SingleWindow.swift; path = ../src/swift/SingleWindow.swift; sourceTree = SOURCE_ROOT; };
		B3A482922D5035DC00FCE4A5 /* WebView.swift */ = {isa = PBXFileReference; lastKnownFileType = sourcecode.swift; name = WebView.swift; path = ../src/swift/WebView.swift; sourceTree = SOURCE_ROOT; };
		B3A482992D50384100FCE4A5 /* WindowDelegate.swift */ = {isa = PBXFileReference; lastKnownFileType = sourcecode.swift; name = WindowDelegate.swift; path = ../src/swift/WindowDelegate.swift; sourceTree = SOURCE_ROOT; };
		B3B3F3F72D4AB3C300A2D406 /* app.css */ = {isa = PBXFileReference; lastKnownFileType = text.css; path = app.css; sourceTree = "<group>"; };
		B3B3F3F82D4AB3C300A2D406 /* app.js */ = {isa = PBXFileReference; lastKnownFileType = sourcecode.javascript; path = app.js; sourceTree = "<group>"; };
		B3B3F3FD2D4AB3C300A2D406 /* svgs.css */ = {isa = PBXFileReference; lastKnownFileType = text.css; path = svgs.css; sourceTree = "<group>"; };
		B3D480C72D482F3400C5D9B1 /* Metal.framework */ = {isa = PBXFileReference; lastKnownFileType = wrapper.framework; name = Metal.framework; path = Platforms/iPhoneOS.platform/Developer/SDKs/iPhoneOS18.2.sdk/System/Library/Frameworks/Metal.framework; sourceTree = DEVELOPER_DIR; };
		B3D480C92D482F4000C5D9B1 /* MetalKit.framework */ = {isa = PBXFileReference; lastKnownFileType = wrapper.framework; name = MetalKit.framework; path = Platforms/iPhoneOS.platform/Developer/SDKs/iPhoneOS18.2.sdk/System/Library/Frameworks/MetalKit.framework; sourceTree = DEVELOPER_DIR; };
		B3F440162D750D350040F0E5 /* AppRating.swift */ = {isa = PBXFileReference; lastKnownFileType = sourcecode.swift; name = AppRating.swift; path = ../src/swift/AppRating.swift; sourceTree = SOURCE_ROOT; };
		B3F440182D7519F10040F0E5 /* detect.js */ = {isa = PBXFileReference; lastKnownFileType = sourcecode.javascript; path = detect.js; sourceTree = "<group>"; };
		B3F4401A2D751A070040F0E5 /* util.js */ = {isa = PBXFileReference; lastKnownFileType = sourcecode.javascript; path = util.js; sourceTree = "<group>"; };
		B3FFEA522D763FA6009FEC63 /* dom.js */ = {isa = PBXFileReference; lastKnownFileType = sourcecode.javascript; path = dom.js; sourceTree = "<group>"; };
/* End PBXFileReference section */

/* Begin PBXFrameworksBuildPhase section */
		B323E3602D1CDAB2007BA38C /* Frameworks */ = {
			isa = PBXFrameworksBuildPhase;
			buildActionMask = 2147483647;
			files = (
				B36EBB452D275258005972FF /* Network.framework in Frameworks */,
				B30518582D1CE9470009362D /* WebKit.framework in Frameworks */,
			);
			runOnlyForDeploymentPostprocessing = 0;
		};
/* End PBXFrameworksBuildPhase section */

/* Begin PBXGroup section */
		B30518562D1CE9470009362D /* Frameworks */ = {
			isa = PBXGroup;
			children = (
				B3D480C92D482F4000C5D9B1 /* MetalKit.framework */,
				B3D480C72D482F3400C5D9B1 /* Metal.framework */,
				B36EBB442D275258005972FF /* Network.framework */,
				B30518572D1CE9470009362D /* WebKit.framework */,
			);
			name = Frameworks;
			sourceTree = "<group>";
		};
		B323E35A2D1CDAB2007BA38C = {
			isa = PBXGroup;
			children = (
				B39E64002D615FC7000AE34B /* C++ */,
				B39E63FF2D615FB2000AE34B /* swift */,
				B3756DE82D41D43100BCF111 /* Assets.xcassets */,
				B33E9D012D4B21FA005FEE9B /* PrivacyInfo.xcprivacy */,
				B3B3F3FE2D4AB3C300A2D406 /* javascript */,
				B33E9D0E2D4B262E005FEE9B /* app.entitlements */,
				B33E9D0F2D4B262E005FEE9B /* appDebug.entitlements */,
				B323E3642D1CDAB2007BA38C /* Products */,
				B30518562D1CE9470009362D /* Frameworks */,
			);
			sourceTree = "<group>";
		};
		B323E3642D1CDAB2007BA38C /* Products */ = {
			isa = PBXGroup;
			children = (
				B323E3632D1CDAB2007BA38C /* jsUX.app */,
			);
			name = Products;
			sourceTree = "<group>";
		};
		B39E63FF2D615FB2000AE34B /* swift */ = {
			isa = PBXGroup;
			children = (
				B3A4828D2D5035DC00FCE4A5 /* ContentView.swift */,
				B3A4828E2D5035DC00FCE4A5 /* FileSchemeHandler.swift */,
				B3A4828F2D5035DC00FCE4A5 /* app.swift */,
				B3A482912D5035DC00FCE4A5 /* SingleWindow.swift */,
				B3A482922D5035DC00FCE4A5 /* WebView.swift */,
				B3F440162D750D350040F0E5 /* AppRating.swift */,
				B3A482992D50384100FCE4A5 /* WindowDelegate.swift */,
				B3511D732D544B0700667676 /* app-Bridging-Header.h */,
			);
			path = swift;
			sourceTree = SOURCE_ROOT;
		};
		B39E64002D615FC7000AE34B /* C++ */ = {
			isa = PBXGroup;
			children = (
				B3511D702D544A4C00667676 /* app.h */,
				B3511D712D544A5600667676 /* app.cpp */,
			);
			path = "C++";
			sourceTree = SOURCE_ROOT;
		};
		B3B3F3FE2D4AB3C300A2D406 /* javascript */ = {
			isa = PBXGroup;
			children = (
				B3B3F3F72D4AB3C300A2D406 /* app.css */,
				B3B3F3F82D4AB3C300A2D406 /* app.js */,
				B3F440182D7519F10040F0E5 /* detect.js */,
				B3FFEA522D763FA6009FEC63 /* dom.js */,
				B3F4401A2D751A070040F0E5 /* util.js */,
				B38B56012D74DE87005AFEAF /* observable.js */,
				B36672182D71670700E8C643 /* ui.js */,
				B394B4012D75052C006224B6 /* app.html */,
				B3B3F3FD2D4AB3C300A2D406 /* svgs.css */,
			);
			name = javascript;
			path = ../src/javascript;
			sourceTree = SOURCE_ROOT;
		};
/* End PBXGroup section */

/* Begin PBXNativeTarget section */
		B323E3622D1CDAB2007BA38C /* jsUX */ = {
			isa = PBXNativeTarget;
			buildConfigurationList = B323E3742D1CDAB3007BA38C /* Build configuration list for PBXNativeTarget "jsUX" */;
			buildPhases = (
				B3F62D062D489BCD0030F051 /* download model */,
				B323E35F2D1CDAB2007BA38C /* Sources */,
				B323E3602D1CDAB2007BA38C /* Frameworks */,
				B323E3612D1CDAB2007BA38C /* Resources */,
			);
			buildRules = (
			);
			dependencies = (
			);
			name = jsUX;
			packageProductDependencies = (
			);
			productName = hyperapp;
			productReference = B323E3632D1CDAB2007BA38C /* jsUX.app */;
			productType = "com.apple.product-type.application";
		};
/* End PBXNativeTarget section */

/* Begin PBXProject section */
		B323E35B2D1CDAB2007BA38C /* Project object */ = {
			isa = PBXProject;
			attributes = {
				BuildIndependentTargetsInParallel = 1;
				LastSwiftUpdateCheck = 1620;
				LastUpgradeCheck = 1620;
				TargetAttributes = {
					B323E3622D1CDAB2007BA38C = {
						CreatedOnToolsVersion = 16.2;
						LastSwiftMigration = 1620;
					};
				};
			};
			buildConfigurationList = B323E35E2D1CDAB2007BA38C /* Build configuration list for PBXProject "jsux" */;
			developmentRegion = en;
			hasScannedForEncodings = 0;
			knownRegions = (
				en,
				Base,
			);
			mainGroup = B323E35A2D1CDAB2007BA38C;
			minimizedProjectReferenceProxies = 1;
			preferredProjectObjectVersion = 77;
			productRefGroup = B323E3642D1CDAB2007BA38C /* Products */;
			projectDirPath = "";
			projectRoot = "";
			targets = (
				B323E3622D1CDAB2007BA38C /* jsUX */,
			);
		};
/* End PBXProject section */

/* Begin PBXResourcesBuildPhase section */
		B323E3612D1CDAB2007BA38C /* Resources */ = {
			isa = PBXResourcesBuildPhase;
			buildActionMask = 2147483647;
			files = (
				B3F4401B2D751A070040F0E5 /* util.js in Resources */,
				B3756DE92D41D43100BCF111 /* Assets.xcassets in Resources */,
				B38B56022D74DE87005AFEAF /* observable.js in Resources */,
				B3FFEA532D763FA6009FEC63 /* dom.js in Resources */,
				B3B3F40A2D4AB3C300A2D406 /* app.js in Resources */,
				B33E9D022D4B21FA005FEE9B /* PrivacyInfo.xcprivacy in Resources */,
				B394B4022D75052C006224B6 /* app.html in Resources */,
				B3B3F40C2D4AB3C300A2D406 /* app.css in Resources */,
				B36672192D71670700E8C643 /* ui.js in Resources */,
				B3F440192D7519F10040F0E5 /* detect.js in Resources */,
				B3B3F40D2D4AB3C300A2D406 /* svgs.css in Resources */,
			);
			runOnlyForDeploymentPostprocessing = 0;
		};
/* End PBXResourcesBuildPhase section */

/* Begin PBXShellScriptBuildPhase section */
		B3F62D062D489BCD0030F051 /* download model */ = {
			isa = PBXShellScriptBuildPhase;
			alwaysOutOfDate = 1;
			buildActionMask = 2147483647;
			files = (
			);
			inputFileListPaths = (
				"",
				"",
			);
			inputPaths = (
			);
			name = "download model";
			outputFileListPaths = (
			);
			outputPaths = (
				"../models/granite-3.1-1b-a400m-instruct/granite-3.1-1b-a400m-instruct-Q8_0.gguf",
			);
			runOnlyForDeploymentPostprocessing = 0;
			shellPath = /bin/sh;
			shellScript = "pushd ..\nscripts/download.sh\npopd\n";
		};
/* End PBXShellScriptBuildPhase section */

/* Begin PBXSourcesBuildPhase section */
		B323E35F2D1CDAB2007BA38C /* Sources */ = {
			isa = PBXSourcesBuildPhase;
			buildActionMask = 2147483647;
			files = (
				B3F440172D750D350040F0E5 /* AppRating.swift in Sources */,
				B3511D722D544A5600667676 /* app.cpp in Sources */,
				B3A482932D5035DC00FCE4A5 /* SingleWindow.swift in Sources */,
				B3A482952D5035DC00FCE4A5 /* ContentView.swift in Sources */,
				B3A482962D5035DC00FCE4A5 /* FileSchemeHandler.swift in Sources */,
				B3A482972D5035DC00FCE4A5 /* app.swift in Sources */,
				B3A482982D5035DC00FCE4A5 /* WebView.swift in Sources */,
				B3A4829A2D50384100FCE4A5 /* WindowDelegate.swift in Sources */,
			);
			runOnlyForDeploymentPostprocessing = 0;
		};
/* End PBXSourcesBuildPhase section */

/* Begin XCBuildConfiguration section */
		B323E3752D1CDAB3007BA38C /* Debug */ = {
			isa = XCBuildConfiguration;
			buildSettings = {
				ASSETCATALOG_COMPILER_APPICON_NAME = AppIcon;
				ASSETCATALOG_COMPILER_GLOBAL_ACCENT_COLOR_NAME = AccentColor;
				ASSETCATALOG_COMPILER_INCLUDE_ALL_APPICON_ASSETS = YES;
				CLANG_ENABLE_MODULES = YES;
				CLANG_ENABLE_OBJC_ARC = NO;
				CODE_SIGN_ENTITLEMENTS = app.entitlements;
				CODE_SIGN_STYLE = Automatic;
				CURRENT_PROJECT_VERSION = 100;
				DEVELOPMENT_ASSET_PATHS = "\"Preview Content\"";
				DEVELOPMENT_TEAM = 692R843P25;
				ENABLE_HARDENED_RUNTIME = YES;
				ENABLE_PREVIEWS = YES;
				FRAMEWORK_SEARCH_PATHS = "";
				GCC_PREPROCESSOR_DEFINITIONS = (
					GGML_USE_CPU,
					GGML_USE_METAL,
					"DEBUG=1",
				);
				GENERATE_INFOPLIST_FILE = YES;
				HEADER_SEARCH_PATHS = "";
				INFOPLIST_FILE = Info.plist;
				INFOPLIST_KEY_CFBundleDisplayName = jsUX;
				INFOPLIST_KEY_LSApplicationCategoryType = "public.app-category.productivity";
				INFOPLIST_KEY_NSHumanReadableCopyright = "Copyright © 2025 Dmitry \"Leo\" Kuznetsov";
				INFOPLIST_KEY_NSSiriUsageDescription = "This app does not require Siri.";
				"INFOPLIST_KEY_UIApplicationSceneManifest_Generation[sdk=iphoneos*]" = YES;
				"INFOPLIST_KEY_UIApplicationSceneManifest_Generation[sdk=iphonesimulator*]" = YES;
				"INFOPLIST_KEY_UIApplicationSupportsIndirectInputEvents[sdk=iphoneos*]" = YES;
				"INFOPLIST_KEY_UIApplicationSupportsIndirectInputEvents[sdk=iphonesimulator*]" = YES;
				"INFOPLIST_KEY_UILaunchScreen_Generation[sdk=iphoneos*]" = YES;
				"INFOPLIST_KEY_UILaunchScreen_Generation[sdk=iphonesimulator*]" = YES;
				INFOPLIST_KEY_UIRequiresFullScreen = NO;
				INFOPLIST_KEY_UIStatusBarHidden = YES;
				INFOPLIST_KEY_UIStatusBarStyle = "";
				"INFOPLIST_KEY_UIStatusBarStyle[sdk=iphoneos*]" = UIStatusBarStyleDefault;
				"INFOPLIST_KEY_UIStatusBarStyle[sdk=iphonesimulator*]" = UIStatusBarStyleDefault;
				INFOPLIST_KEY_UISupportedInterfaceOrientations = "UIInterfaceOrientationLandscapeLeft UIInterfaceOrientationLandscapeRight UIInterfaceOrientationPortrait UIInterfaceOrientationPortraitUpsideDown";
				IPHONEOS_DEPLOYMENT_TARGET = 17.6;
				LD_RUNPATH_SEARCH_PATHS = "@executable_path/Frameworks";
				"LD_RUNPATH_SEARCH_PATHS[sdk=macosx*]" = "@executable_path/../Frameworks";
				MACOSX_DEPLOYMENT_TARGET = 14.6;
				MARKETING_VERSION = 1.0;
				OTHER_CFLAGS = "-Wno-ambiguous-macro";
				PRODUCT_BUNDLE_IDENTIFIER = io.github.leok7v.jsux;
				PRODUCT_NAME = "$(TARGET_NAME)";
				SDKROOT = auto;
				SUPPORTED_PLATFORMS = "iphoneos iphonesimulator macosx";
				SUPPORTS_MACCATALYST = NO;
				SWIFT_EMIT_LOC_STRINGS = YES;
				SWIFT_OBJC_BRIDGING_HEADER = "app-Bridging-Header.h";
				SWIFT_OPTIMIZATION_LEVEL = "-Onone";
				SWIFT_VERSION = 5.0;
				TARGETED_DEVICE_FAMILY = "1,2";
				USER_HEADER_SEARCH_PATHS = "";
				XROS_DEPLOYMENT_TARGET = 2.2;
			};
			name = Debug;
		};
		B323E3762D1CDAB3007BA38C /* Release */ = {
			isa = XCBuildConfiguration;
			buildSettings = {
				ASSETCATALOG_COMPILER_APPICON_NAME = AppIcon;
				ASSETCATALOG_COMPILER_GLOBAL_ACCENT_COLOR_NAME = AccentColor;
				ASSETCATALOG_COMPILER_INCLUDE_ALL_APPICON_ASSETS = YES;
				CLANG_ENABLE_MODULES = YES;
				CLANG_ENABLE_OBJC_ARC = NO;
				CODE_SIGN_ENTITLEMENTS = app.entitlements;
				CODE_SIGN_STYLE = Automatic;
				CURRENT_PROJECT_VERSION = 100;
				DEVELOPMENT_ASSET_PATHS = "\"Preview Content\"";
				DEVELOPMENT_TEAM = 692R843P25;
				ENABLE_HARDENED_RUNTIME = YES;
				ENABLE_PREVIEWS = YES;
				FRAMEWORK_SEARCH_PATHS = "";
				GCC_PREPROCESSOR_DEFINITIONS = (
					GGML_USE_CPU,
					GGML_USE_METAL,
				);
				GENERATE_INFOPLIST_FILE = YES;
				HEADER_SEARCH_PATHS = "";
				INFOPLIST_FILE = Info.plist;
				INFOPLIST_KEY_CFBundleDisplayName = jsUX;
				INFOPLIST_KEY_LSApplicationCategoryType = "public.app-category.productivity";
				INFOPLIST_KEY_NSHumanReadableCopyright = "Copyright © 2025 Dmitry \"Leo\" Kuznetsov";
				INFOPLIST_KEY_NSSiriUsageDescription = "This app does not require Siri.";
				"INFOPLIST_KEY_UIApplicationSceneManifest_Generation[sdk=iphoneos*]" = YES;
				"INFOPLIST_KEY_UIApplicationSceneManifest_Generation[sdk=iphonesimulator*]" = YES;
				"INFOPLIST_KEY_UIApplicationSupportsIndirectInputEvents[sdk=iphoneos*]" = YES;
				"INFOPLIST_KEY_UIApplicationSupportsIndirectInputEvents[sdk=iphonesimulator*]" = YES;
				"INFOPLIST_KEY_UILaunchScreen_Generation[sdk=iphoneos*]" = YES;
				"INFOPLIST_KEY_UILaunchScreen_Generation[sdk=iphonesimulator*]" = YES;
				INFOPLIST_KEY_UIRequiresFullScreen = NO;
				INFOPLIST_KEY_UIStatusBarHidden = YES;
				INFOPLIST_KEY_UIStatusBarStyle = "";
				"INFOPLIST_KEY_UIStatusBarStyle[sdk=iphoneos*]" = UIStatusBarStyleDefault;
				"INFOPLIST_KEY_UIStatusBarStyle[sdk=iphonesimulator*]" = UIStatusBarStyleDefault;
				INFOPLIST_KEY_UISupportedInterfaceOrientations = "UIInterfaceOrientationLandscapeLeft UIInterfaceOrientationLandscapeRight UIInterfaceOrientationPortrait UIInterfaceOrientationPortraitUpsideDown";
				IPHONEOS_DEPLOYMENT_TARGET = 17.6;
				LD_RUNPATH_SEARCH_PATHS = "@executable_path/Frameworks";
				"LD_RUNPATH_SEARCH_PATHS[sdk=macosx*]" = "@executable_path/../Frameworks";
				MACOSX_DEPLOYMENT_TARGET = 14.6;
				MARKETING_VERSION = 1.0;
				OTHER_CFLAGS = "-Wno-ambiguous-macro";
				PRODUCT_BUNDLE_IDENTIFIER = io.github.leok7v.jsux;
				PRODUCT_NAME = "$(TARGET_NAME)";
				SDKROOT = auto;
				SUPPORTED_PLATFORMS = "iphoneos iphonesimulator macosx";
				SUPPORTS_MACCATALYST = NO;
				SWIFT_EMIT_LOC_STRINGS = YES;
				SWIFT_OBJC_BRIDGING_HEADER = "app-Bridging-Header.h";
				SWIFT_VERSION = 5.0;
				TARGETED_DEVICE_FAMILY = "1,2";
				USER_HEADER_SEARCH_PATHS = "";
				XROS_DEPLOYMENT_TARGET = 2.2;
			};
			name = Release;
		};
		B323E3772D1CDAB3007BA38C /* Debug */ = {
			isa = XCBuildConfiguration;
			buildSettings = {
				ALWAYS_SEARCH_USER_PATHS = NO;
				ASSETCATALOG_COMPILER_APPICON_NAME = "";
				ASSETCATALOG_COMPILER_GENERATE_SWIFT_ASSET_SYMBOL_EXTENSIONS = YES;
				ASSETCATALOG_COMPILER_INCLUDE_ALL_APPICON_ASSETS = YES;
				CLANG_ANALYZER_NONNULL = YES;
				CLANG_ANALYZER_NUMBER_OBJECT_CONVERSION = YES_AGGRESSIVE;
				CLANG_CXX_LANGUAGE_STANDARD = "gnu++20";
				CLANG_ENABLE_MODULES = YES;
				CLANG_ENABLE_OBJC_ARC = YES;
				CLANG_ENABLE_OBJC_WEAK = YES;
				CLANG_WARN_BLOCK_CAPTURE_AUTORELEASING = YES;
				CLANG_WARN_BOOL_CONVERSION = YES;
				CLANG_WARN_COMMA = YES;
				CLANG_WARN_CONSTANT_CONVERSION = YES;
				CLANG_WARN_DEPRECATED_OBJC_IMPLEMENTATIONS = YES;
				CLANG_WARN_DIRECT_OBJC_ISA_USAGE = YES_ERROR;
				CLANG_WARN_DOCUMENTATION_COMMENTS = NO;
				CLANG_WARN_EMPTY_BODY = YES;
				CLANG_WARN_ENUM_CONVERSION = YES;
				CLANG_WARN_INFINITE_RECURSION = YES;
				CLANG_WARN_INT_CONVERSION = YES;
				CLANG_WARN_NON_LITERAL_NULL_CONVERSION = YES;
				CLANG_WARN_OBJC_IMPLICIT_RETAIN_SELF = YES;
				CLANG_WARN_OBJC_LITERAL_CONVERSION = YES;
				CLANG_WARN_OBJC_ROOT_CLASS = YES_ERROR;
				CLANG_WARN_QUOTED_INCLUDE_IN_FRAMEWORK_HEADER = YES;
				CLANG_WARN_RANGE_LOOP_ANALYSIS = YES;
				CLANG_WARN_STRICT_PROTOTYPES = YES;
				CLANG_WARN_SUSPICIOUS_IMPLICIT_CONVERSION = NO;
				CLANG_WARN_SUSPICIOUS_MOVE = YES;
				CLANG_WARN_UNGUARDED_AVAILABILITY = YES_AGGRESSIVE;
				CLANG_WARN_UNREACHABLE_CODE = YES;
				CLANG_WARN_VEXING_PARSE = NO;
				CLANG_WARN__DUPLICATE_METHOD_MATCH = YES;
				COPY_PHASE_STRIP = NO;
				DEBUG_INFORMATION_FORMAT = dwarf;
				ENABLE_STRICT_OBJC_MSGSEND = YES;
				ENABLE_TESTABILITY = YES;
				ENABLE_USER_SCRIPT_SANDBOXING = YES;
				GCC_C_LANGUAGE_STANDARD = gnu17;
				GCC_DYNAMIC_NO_PIC = NO;
				GCC_NO_COMMON_BLOCKS = YES;
				GCC_OPTIMIZATION_LEVEL = 0;
				GCC_PREPROCESSOR_DEFINITIONS = (
					"DEBUG=1",
					"$(inherited)",
					"-Uversion",
				);
				GCC_WARN_64_TO_32_BIT_CONVERSION = NO;
				GCC_WARN_ABOUT_RETURN_TYPE = YES_ERROR;
				GCC_WARN_UNDECLARED_SELECTOR = YES;
				GCC_WARN_UNINITIALIZED_AUTOS = NO;
				GCC_WARN_UNUSED_FUNCTION = NO;
				GCC_WARN_UNUSED_VARIABLE = NO;
				INFOPLIST_KEY_NSHumanReadableCopyright = "Copyright © Dmitry \"Leo\" Kuznetsov";
				IPHONEOS_DEPLOYMENT_TARGET = 15.6;
				LOCALIZATION_PREFERS_STRING_CATALOGS = YES;
				MACOSX_DEPLOYMENT_TARGET = 14.6;
				MTL_ENABLE_DEBUG_INFO = INCLUDE_SOURCE;
				MTL_FAST_MATH = YES;
				ONLY_ACTIVE_ARCH = YES;
				SWIFT_ACTIVE_COMPILATION_CONDITIONS = "DEBUG $(inherited)";
				SWIFT_OPTIMIZATION_LEVEL = "-Onone";
			};
			name = Debug;
		};
		B323E3782D1CDAB3007BA38C /* Release */ = {
			isa = XCBuildConfiguration;
			buildSettings = {
				ALWAYS_SEARCH_USER_PATHS = NO;
				ASSETCATALOG_COMPILER_APPICON_NAME = "";
				ASSETCATALOG_COMPILER_GENERATE_SWIFT_ASSET_SYMBOL_EXTENSIONS = YES;
				ASSETCATALOG_COMPILER_INCLUDE_ALL_APPICON_ASSETS = YES;
				CLANG_ANALYZER_NONNULL = YES;
				CLANG_ANALYZER_NUMBER_OBJECT_CONVERSION = YES_AGGRESSIVE;
				CLANG_CXX_LANGUAGE_STANDARD = "gnu++20";
				CLANG_ENABLE_MODULES = YES;
				CLANG_ENABLE_OBJC_ARC = YES;
				CLANG_ENABLE_OBJC_WEAK = YES;
				CLANG_WARN_BLOCK_CAPTURE_AUTORELEASING = YES;
				CLANG_WARN_BOOL_CONVERSION = YES;
				CLANG_WARN_COMMA = YES;
				CLANG_WARN_CONSTANT_CONVERSION = YES;
				CLANG_WARN_DEPRECATED_OBJC_IMPLEMENTATIONS = YES;
				CLANG_WARN_DIRECT_OBJC_ISA_USAGE = YES_ERROR;
				CLANG_WARN_DOCUMENTATION_COMMENTS = NO;
				CLANG_WARN_EMPTY_BODY = YES;
				CLANG_WARN_ENUM_CONVERSION = YES;
				CLANG_WARN_INFINITE_RECURSION = YES;
				CLANG_WARN_INT_CONVERSION = YES;
				CLANG_WARN_NON_LITERAL_NULL_CONVERSION = YES;
				CLANG_WARN_OBJC_IMPLICIT_RETAIN_SELF = YES;
				CLANG_WARN_OBJC_LITERAL_CONVERSION = YES;
				CLANG_WARN_OBJC_ROOT_CLASS = YES_ERROR;
				CLANG_WARN_QUOTED_INCLUDE_IN_FRAMEWORK_HEADER = YES;
				CLANG_WARN_RANGE_LOOP_ANALYSIS = YES;
				CLANG_WARN_STRICT_PROTOTYPES = YES;
				CLANG_WARN_SUSPICIOUS_IMPLICIT_CONVERSION = NO;
				CLANG_WARN_SUSPICIOUS_MOVE = YES;
				CLANG_WARN_UNGUARDED_AVAILABILITY = YES_AGGRESSIVE;
				CLANG_WARN_UNREACHABLE_CODE = YES;
				CLANG_WARN_VEXING_PARSE = NO;
				CLANG_WARN__DUPLICATE_METHOD_MATCH = YES;
				COPY_PHASE_STRIP = NO;
				DEBUG_INFORMATION_FORMAT = "dwarf-with-dsym";
				ENABLE_NS_ASSERTIONS = NO;
				ENABLE_STRICT_OBJC_MSGSEND = YES;
				ENABLE_USER_SCRIPT_SANDBOXING = YES;
				GCC_C_LANGUAGE_STANDARD = gnu17;
				GCC_NO_COMMON_BLOCKS = YES;
				GCC_PREPROCESSOR_DEFINITIONS = "-Uversion";
				GCC_WARN_64_TO_32_BIT_CONVERSION = NO;
				GCC_WARN_ABOUT_RETURN_TYPE = YES_ERROR;
				GCC_WARN_UNDECLARED_SELECTOR = YES;
				GCC_WARN_UNINITIALIZED_AUTOS = NO;
				GCC_WARN_UNUSED_FUNCTION = NO;
				GCC_WARN_UNUSED_VARIABLE = NO;
				INFOPLIST_KEY_NSHumanReadableCopyright = "Copyright © Dmitry \"Leo\" Kuznetsov";
				IPHONEOS_DEPLOYMENT_TARGET = 15.6;
				LOCALIZATION_PREFERS_STRING_CATALOGS = YES;
				MACOSX_DEPLOYMENT_TARGET = 14.6;
				MTL_ENABLE_DEBUG_INFO = NO;
				MTL_FAST_MATH = YES;
				SWIFT_COMPILATION_MODE = wholemodule;
			};
			name = Release;
		};
/* End XCBuildConfiguration section */

/* Begin XCConfigurationList section */
		B323E35E2D1CDAB2007BA38C /* Build configuration list for PBXProject "jsux" */ = {
			isa = XCConfigurationList;
			buildConfigurations = (
				B323E3772D1CDAB3007BA38C /* Debug */,
				B323E3782D1CDAB3007BA38C /* Release */,
			);
			defaultConfigurationIsVisible = 0;
			defaultConfigurationName = Release;
		};
		B323E3742D1CDAB3007BA38C /* Build configuration list for PBXNativeTarget "jsUX" */ = {
			isa = XCConfigurationList;
			buildConfigurations = (
				B323E3752D1CDAB3007BA38C /* Debug */,
				B323E3762D1CDAB3007BA38C /* Release */,
			);
			defaultConfigurationIsVisible = 0;
			defaultConfigurationName = Release;
		};
/* End XCConfigurationList section */
	};
	rootObject = B323E35B2D1CDAB2007BA38C /* Project object */;
}
